
Microsoft Visual Studio Solution File, Format Version 12.00
# Visual Studio 14
VisualStudioVersion = 14.0.24720.0
MinimumVisualStudioVersion = 10.0.40219.1
Project("{FAE04EC0-301F-11D3-BF4B-00C04F79EFBC}") = "BasedLearning", "BasedLearning\BasedLearning.csproj", "{824C2B56-130B-4F18-B714-63338D81E2AF}"
EndProject
Project("{FAE04EC0-301F-11D3-BF4B-00C04F79EFBC}") = "SimpleApp", "SimpleApp\SimpleApp.csproj", "{A567C7A1-97E9-40B1-85F2-9B563EF6618D}"
EndProject
Project("{FAE04EC0-301F-11D3-BF4B-00C04F79EFBC}") = "Controls", "Controls\Controls.csproj", "{212C17AA-1808-4B2E-9F8C-DABAD300B226}"
EndProject
Global
	GlobalSection(SolutionConfigurationPlatforms) = preSolution
		Debug|Any CPU = Debug|Any CPU
		Release|Any CPU = Release|Any CPU
	EndGlobalSection
	GlobalSection(ProjectConfigurationPlatforms) = postSolution
		{824C2B56-130B-4F18-B714-63338D81E2AF}.Debug|Any CPU.ActiveCfg = Debug|Any CPU
		{824C2B56-130B-4F18-B714-63338D81E2AF}.Debug|Any CPU.Build.0 = Debug|Any CPU
		{824C2B56-130B-4F18-B714-63338D81E2AF}.Release|Any CPU.ActiveCfg = Release|Any CPU
		{824C2B56-130B-4F18-B714-63338D81E2AF}.Release|Any CPU.Build.0 = Release|Any CPU
		{A567C7A1-97E9-40B1-85F2-9B563EF6618D}.Debug|Any CPU.ActiveCfg = Debug|Any CPU
		{A567C7A1-97E9-40B1-85F2-9B563EF6618D}.Debug|Any CPU.Build.0 = Debug|Any CPU
		{A567C7A1-97E9-40B1-85F2-9B563EF6618D}.Release|Any CPU.ActiveCfg = Release|Any CPU
		{A567C7A1-97E9-40B1-85F2-9B563EF6618D}.Release|Any CPU.Build.0 = Release|Any CPU
		{212C17AA-1808-4B2E-9F8C-DABAD300B226}.Debug|Any CPU.ActiveCfg = Debug|Any CPU
		{212C17AA-1808-4B2E-9F8C-DABAD300B226}.Debug|Any CPU.Build.0 = Debug|Any CPU
		{212C17AA-1808-4B2E-9F8C-DABAD300B226}.Release|Any CPU.ActiveCfg = Release|Any CPU
		{212C17AA-1808-4B2E-9F8C-DABAD300B226}.Release|Any CPU.Build.0 = Release|Any CPU
	EndGlobalSection
	GlobalSection(SolutionProperties) = preSolution
		HideSolutionNode = FALSE
	EndGlobalSection
EndGlobal
